
Microsoft Visual Studio Solution File, Format Version 12.00
# Visual Studio Version 16
VisualStudioVersion = 16.0.33529.622
MinimumVisualStudioVersion = 10.0.40219.1
Project("{FAE04EC0-301F-11D3-BF4B-00C04F79EFBC}") = "MyApp", "MyApp.csproj", "{9F9CA9FD-850A-468C-A1C1-DF706234E030}"
EndProject
Global
	GlobalSection(SolutionConfigurationPlatforms) = preSolution
		Debug|Any CPU = Debug|Any CPU
		Release|Any CPU = Release|Any CPU
	EndGlobalSection
	GlobalSection(ProjectConfigurationPlatforms) = postSolution
		{9F9CA9FD-850A-468C-A1C1-DF706234E030}.Debug|Any CPU.ActiveCfg = Debug|Any CPU
		{9F9CA9FD-850A-468C-A1C1-DF706234E030}.Debug|Any CPU.Build.0 = Debug|Any CPU
		{9F9CA9FD-850A-468C-A1C1-DF706234E030}.Release|Any CPU.ActiveCfg = Release|Any CPU
		{9F9CA9FD-850A-468C-A1C1-DF706234E030}.Release|Any CPU.Build.0 = Release|Any CPU
	EndGlobalSection
	GlobalSection(SolutionProperties) = preSolution
		HideSolutionNode = FALSE
	EndGlobalSection
	GlobalSection(ExtensibilityGlobals) = postSolution
		SolutionGuid = {948E7615-1813-48E2-8E87-5C54F3911BCE}
	EndGlobalSection
EndGlobal
